# This file was autogenerated by Stack.
# You should not edit this file by hand.
# For more information, please see the documentation at:
#   https://docs.haskellstack.org/en/stable/topics/lock_files

packages:
- completed:
    hackage: validation-selective-0.2.0.0@sha256:cc847f1a110e3b1bd437a5356f115881b61cafcb11781b570b180efd88bf0907,3917
    pantry-tree:
      sha256: f6d871d6200ec0cf4903072028e17f0d0c7d9a71bedca11ace9d4c33a5387dd4
      size: 697
  original:
    hackage: validation-selective-0.2.0.0
- completed:
    hackage: text-display-0.0.5.2@sha256:6e6a5bf1c83dfa6c34692ed5d8ea87f1bd385984309b42c302f2156f4d82477b,2670
    pantry-tree:
      sha256: e84ac3f5fdc4d6e1c544174735beb80474cf7d7b849abfd1ae6184517a30c1c1
      size: 3364
  original:
    hackage: text-display-0.0.5.2
- completed:
    hackage: jose-jwt-0.10.0@sha256:6ed175a01c721e317ceea15eb251a81de145c03711a977517935633a5cdec1d4,3546
    pantry-tree:
      sha256: 58649e68e2d1adb47d8ed8741bd27ac23a2f19e3ee62bc28a68ac8642b3e0858
      size: 1231
  original:
    hackage: jose-jwt-0.10.0
snapshots:
- completed:
    sha256: c6274f9587d6bf40b6aaa7d1092684c37a2d8bb1e0df999ae0e2b755db15682d
    size: 720026
    url: https://raw.githubusercontent.com/commercialhaskell/stackage-snapshots/master/lts/22/37.yaml
  original:
    url: https://raw.githubusercontent.com/commercialhaskell/stackage-snapshots/master/lts/22/37.yaml
